
Microsoft Visual Studio Solution File, Format Version 12.00
# Visual Studio 15
VisualStudioVersion = 15.0.27428.2015
MinimumVisualStudioVersion = 10.0.40219.1
Project("{8BC9CEB8-8B4A-11D0-8D11-00A0C91BC942}") = "C8Emulator", "C8Emulator.vcxproj", "{ED26D243-F725-4B1B-AF34-B059AD7ABC3E}"
EndProject
Global
	GlobalSection(SolutionConfigurationPlatforms) = preSolution
		Debug|x86 = Debug|x86
		Release|x86 = Release|x86
	EndGlobalSection
	GlobalSection(ProjectConfigurationPlatforms) = postSolution
		{ED26D243-F725-4B1B-AF34-B059AD7ABC3E}.Debug|x86.ActiveCfg = Debug|Win32
		{ED26D243-F725-4B1B-AF34-B059AD7ABC3E}.Debug|x86.Build.0 = Debug|Win32
		{ED26D243-F725-4B1B-AF34-B059AD7ABC3E}.Release|x86.ActiveCfg = Release|Win32
		{ED26D243-F725-4B1B-AF34-B059AD7ABC3E}.Release|x86.Build.0 = Release|Win32
	EndGlobalSection
	GlobalSection(SolutionProperties) = preSolution
		HideSolutionNode = FALSE
	EndGlobalSection
	GlobalSection(ExtensibilityGlobals) = postSolution
		SolutionGuid = {47CF7803-74AA-4497-AFF8-6C7C9458E998}
	EndGlobalSection
EndGlobal
